// !$*UTF8*$!
{
	archiveVersion = 1;
	classes = {
	};
	objectVersion = 46;
	objects = {

/* Begin PBXBuildFile section */
		673642EB18AD90E000EC785D /* Foundation.framework in Frameworks */ = {isa = PBXBuildFile; fileRef = 673642EA18AD90E000EC785D /* Foundation.framework */; };
		673642ED18AD90E000EC785D /* CoreGraphics.framework in Frameworks */ = {isa = PBXBuildFile; fileRef = 673642EC18AD90E000EC785D /* CoreGraphics.framework */; };
		673642EF18AD90E000EC785D /* UIKit.framework in Frameworks */ = {isa = PBXBuildFile; fileRef = 673642EE18AD90E000EC785D /* UIKit.framework */; };
		673642F518AD90E000EC785D /* InfoPlist.strings in Resources */ = {isa = PBXBuildFile; fileRef = 673642F318AD90E000EC785D /* InfoPlist.strings */; };
		673642F718AD90E000EC785D /* main.m in Sources */ = {isa = PBXBuildFile; fileRef = 673642F618AD90E000EC785D /* main.m */; };
		673642FB18AD90E000EC785D /* GAAppDelegate.m in Sources */ = {isa = PBXBuildFile; fileRef = 673642FA18AD90E000EC785D /* GAAppDelegate.m */; };
		673642FD18AD90E000EC785D /* Images.xcassets in Resources */ = {isa = PBXBuildFile; fileRef = 673642FC18AD90E000EC785D /* Images.xcassets */; };
		6736430418AD90E000EC785D /* XCTest.framework in Frameworks */ = {isa = PBXBuildFile; fileRef = 6736430318AD90E000EC785D /* XCTest.framework */; };
		6736430518AD90E000EC785D /* Foundation.framework in Frameworks */ = {isa = PBXBuildFile; fileRef = 673642EA18AD90E000EC785D /* Foundation.framework */; };
		6736430618AD90E000EC785D /* UIKit.framework in Frameworks */ = {isa = PBXBuildFile; fileRef = 673642EE18AD90E000EC785D /* UIKit.framework */; };
		6736430E18AD90E000EC785D /* InfoPlist.strings in Resources */ = {isa = PBXBuildFile; fileRef = 6736430C18AD90E000EC785D /* InfoPlist.strings */; };
		6736431018AD90E000EC785D /* GlossalaliaTests.m in Sources */ = {isa = PBXBuildFile; fileRef = 6736430F18AD90E000EC785D /* GlossalaliaTests.m */; };
		6736431B18ADE75C00EC785D /* GATestViewController.m in Sources */ = {isa = PBXBuildFile; fileRef = 6736431A18ADE75C00EC785D /* GATestViewController.m */; };
		6736431D18ADFC7700EC785D /* GameKit.framework in Frameworks */ = {isa = PBXBuildFile; fileRef = 6736431C18ADFC7700EC785D /* GameKit.framework */; };
		67398F9B18C5E370001BE584 /* FUIAlertView.m in Sources */ = {isa = PBXBuildFile; fileRef = 67398F7618C5E370001BE584 /* FUIAlertView.m */; };
		67398F9C18C5E370001BE584 /* FUIButton.m in Sources */ = {isa = PBXBuildFile; fileRef = 67398F7818C5E370001BE584 /* FUIButton.m */; };
		67398F9D18C5E370001BE584 /* FUICellBackgroundView.m in Sources */ = {isa = PBXBuildFile; fileRef = 67398F7A18C5E370001BE584 /* FUICellBackgroundView.m */; };
		67398F9E18C5E370001BE584 /* FUIPopoverBackgroundView.m in Sources */ = {isa = PBXBuildFile; fileRef = 67398F7C18C5E370001BE584 /* FUIPopoverBackgroundView.m */; };
		67398F9F18C5E370001BE584 /* FUISegmentedControl.m in Sources */ = {isa = PBXBuildFile; fileRef = 67398F7E18C5E370001BE584 /* FUISegmentedControl.m */; };
		67398FA018C5E370001BE584 /* FUISwitch.m in Sources */ = {isa = PBXBuildFile; fileRef = 67398F8018C5E370001BE584 /* FUISwitch.m */; };
		67398FA118C5E370001BE584 /* FUITextField.m in Sources */ = {isa = PBXBuildFile; fileRef = 67398F8218C5E370001BE584 /* FUITextField.m */; };
		67398FA218C5E370001BE584 /* UIBarButtonItem+FlatUI.m in Sources */ = {isa = PBXBuildFile; fileRef = 67398F8418C5E370001BE584 /* UIBarButtonItem+FlatUI.m */; };
		67398FA318C5E370001BE584 /* UIColor+FlatUI.m in Sources */ = {isa = PBXBuildFile; fileRef = 67398F8618C5E370001BE584 /* UIColor+FlatUI.m */; };
		67398FA418C5E370001BE584 /* UIFont+FlatUI.m in Sources */ = {isa = PBXBuildFile; fileRef = 67398F8818C5E370001BE584 /* UIFont+FlatUI.m */; };
		67398FA518C5E370001BE584 /* UIImage+FlatUI.m in Sources */ = {isa = PBXBuildFile; fileRef = 67398F8A18C5E370001BE584 /* UIImage+FlatUI.m */; };
		67398FA618C5E370001BE584 /* UINavigationBar+FlatUI.m in Sources */ = {isa = PBXBuildFile; fileRef = 67398F8C18C5E370001BE584 /* UINavigationBar+FlatUI.m */; };
		67398FA718C5E370001BE584 /* UIPopoverController+FlatUI.m in Sources */ = {isa = PBXBuildFile; fileRef = 67398F8E18C5E370001BE584 /* UIPopoverController+FlatUI.m */; };
		67398FA818C5E370001BE584 /* UIProgressView+FlatUI.m in Sources */ = {isa = PBXBuildFile; fileRef = 67398F9018C5E370001BE584 /* UIProgressView+FlatUI.m */; };
		67398FA918C5E370001BE584 /* UISlider+FlatUI.m in Sources */ = {isa = PBXBuildFile; fileRef = 67398F9218C5E370001BE584 /* UISlider+FlatUI.m */; };
		67398FAA18C5E370001BE584 /* UIStepper+FlatUI.m in Sources */ = {isa = PBXBuildFile; fileRef = 67398F9418C5E370001BE584 /* UIStepper+FlatUI.m */; };
		67398FAB18C5E370001BE584 /* UITabBar+FlatUI.m in Sources */ = {isa = PBXBuildFile; fileRef = 67398F9618C5E370001BE584 /* UITabBar+FlatUI.m */; };
		67398FAC18C5E370001BE584 /* UITableViewCell+FlatUI.m in Sources */ = {isa = PBXBuildFile; fileRef = 67398F9818C5E370001BE584 /* UITableViewCell+FlatUI.m */; };
		67398FAD18C5E370001BE584 /* UIToolbar+FlatUI.m in Sources */ = {isa = PBXBuildFile; fileRef = 67398F9A18C5E370001BE584 /* UIToolbar+FlatUI.m */; };
		67398FAF18C5E4AE001BE584 /* CoreText.framework in Frameworks */ = {isa = PBXBuildFile; fileRef = 67398FAE18C5E4AE001BE584 /* CoreText.framework */; };
		673B9C2318F3607E00FE6126 /* GADemoViewController.m in Sources */ = {isa = PBXBuildFile; fileRef = 673B9C2218F3607E00FE6126 /* GADemoViewController.m */; };
		674F3E4018CFEAFF0064BB21 /* GATriangleView.m in Sources */ = {isa = PBXBuildFile; fileRef = 674F3E3F18CFEAFF0064BB21 /* GATriangleView.m */; };
		67501DCA18BB36EB000992E6 /* GAMatchViewController.m in Sources */ = {isa = PBXBuildFile; fileRef = 67501DC918BB36EB000992E6 /* GAMatchViewController.m */; };
		67BCB5D418B30DB800D5EF9F /* GALevelViewController.m in Sources */ = {isa = PBXBuildFile; fileRef = 67BCB5D318B30DB800D5EF9F /* GALevelViewController.m */; };
		67CFC54E18C3F1E600D373D2 /* ROUDataTypes.m in Sources */ = {isa = PBXBuildFile; fileRef = 67CFC54718C3F1E600D373D2 /* ROUDataTypes.m */; };
		67CFC54F18C3F1E600D373D2 /* ROUSerialQueueTimer.m in Sources */ = {isa = PBXBuildFile; fileRef = 67CFC54A18C3F1E600D373D2 /* ROUSerialQueueTimer.m */; };
		67CFC55018C3F1E600D373D2 /* ROUSession.m in Sources */ = {isa = PBXBuildFile; fileRef = 67CFC54D18C3F1E600D373D2 /* ROUSession.m */; };
		7318B5D818ADB48F00FC9245 /* Database.m in Sources */ = {isa = PBXBuildFile; fileRef = 7318B5D718ADB48E00FC9245 /* Database.m */; };
		7318B5DB18ADB53A00FC9245 /* DatabaseCaller.m in Sources */ = {isa = PBXBuildFile; fileRef = 7318B5DA18ADB53A00FC9245 /* DatabaseCaller.m */; };
		7318B5E418ADC79D00FC9245 /* entries.sql in Resources */ = {isa = PBXBuildFile; fileRef = 7318B5E318ADC79D00FC9245 /* entries.sql */; };
		7318B5E718ADC8F500FC9245 /* GADataEntry.m in Sources */ = {isa = PBXBuildFile; fileRef = 7318B5E618ADC8F500FC9245 /* GADataEntry.m */; };
		7318B5E918ADCA9900FC9245 /* libsqlite3.dylib in Frameworks */ = {isa = PBXBuildFile; fileRef = 7318B5E818ADCA9900FC9245 /* libsqlite3.dylib */; };
		73251C8918B16A7F000ABEAD /* GADataHandler.m in Sources */ = {isa = PBXBuildFile; fileRef = 73251C8818B16A7F000ABEAD /* GADataHandler.m */; };
		734DF0AA18B6AEE7000845E0 /* GAElement.m in Sources */ = {isa = PBXBuildFile; fileRef = 734DF0A918B6AEE7000845E0 /* GAElement.m */; };
		734DF0AD18B6B0AB000845E0 /* GAElementViewController.m in Sources */ = {isa = PBXBuildFile; fileRef = 734DF0AC18B6B0AB000845E0 /* GAElementViewController.m */; };
		734DF0B618BB208F000845E0 /* GASlider.m in Sources */ = {isa = PBXBuildFile; fileRef = 734DF0B518BB208F000845E0 /* GASlider.m */; };
		734DF0BC18BC7F6A000845E0 /* GADatabaseLoadingView.m in Sources */ = {isa = PBXBuildFile; fileRef = 734DF0BB18BC7F6A000845E0 /* GADatabaseLoadingView.m */; };
		73C002B518B037880066715E /* GADataViewController.m in Sources */ = {isa = PBXBuildFile; fileRef = 73C002B418B037880066715E /* GADataViewController.m */; };
/* End PBXBuildFile section */

/* Begin PBXContainerItemProxy section */
		6736430718AD90E000EC785D /* PBXContainerItemProxy */ = {
			isa = PBXContainerItemProxy;
			containerPortal = 673642DF18AD90DF00EC785D /* Project object */;
			proxyType = 1;
			remoteGlobalIDString = 673642E618AD90E000EC785D;
			remoteInfo = Glossalalia;
		};
/* End PBXContainerItemProxy section */

/* Begin PBXFileReference section */
		673642E718AD90E000EC785D /* Glossalalia.app */ = {isa = PBXFileReference; explicitFileType = wrapper.application; includeInIndex = 0; path = Glossalalia.app; sourceTree = BUILT_PRODUCTS_DIR; };
		673642EA18AD90E000EC785D /* Foundation.framework */ = {isa = PBXFileReference; lastKnownFileType = wrapper.framework; name = Foundation.framework; path = System/Library/Frameworks/Foundation.framework; sourceTree = SDKROOT; };
		673642EC18AD90E000EC785D /* CoreGraphics.framework */ = {isa = PBXFileReference; lastKnownFileType = wrapper.framework; name = CoreGraphics.framework; path = System/Library/Frameworks/CoreGraphics.framework; sourceTree = SDKROOT; };
		673642EE18AD90E000EC785D /* UIKit.framework */ = {isa = PBXFileReference; lastKnownFileType = wrapper.framework; name = UIKit.framework; path = System/Library/Frameworks/UIKit.framework; sourceTree = SDKROOT; };
		673642F218AD90E000EC785D /* Glossalalia-Info.plist */ = {isa = PBXFileReference; lastKnownFileType = text.plist.xml; path = "Glossalalia-Info.plist"; sourceTree = "<group>"; };
		673642F418AD90E000EC785D /* en */ = {isa = PBXFileReference; lastKnownFileType = text.plist.strings; name = en; path = en.lproj/InfoPlist.strings; sourceTree = "<group>"; };
		673642F618AD90E000EC785D /* main.m */ = {isa = PBXFileReference; lastKnownFileType = sourcecode.c.objc; path = main.m; sourceTree = "<group>"; };
		673642F818AD90E000EC785D /* Glossalalia-Prefix.pch */ = {isa = PBXFileReference; lastKnownFileType = sourcecode.c.h; path = "Glossalalia-Prefix.pch"; sourceTree = "<group>"; };
		673642F918AD90E000EC785D /* GAAppDelegate.h */ = {isa = PBXFileReference; lastKnownFileType = sourcecode.c.h; path = GAAppDelegate.h; sourceTree = "<group>"; };
		673642FA18AD90E000EC785D /* GAAppDelegate.m */ = {isa = PBXFileReference; lastKnownFileType = sourcecode.c.objc; path = GAAppDelegate.m; sourceTree = "<group>"; };
		673642FC18AD90E000EC785D /* Images.xcassets */ = {isa = PBXFileReference; lastKnownFileType = folder.assetcatalog; path = Images.xcassets; sourceTree = "<group>"; };
		6736430218AD90E000EC785D /* GlossalaliaTests.xctest */ = {isa = PBXFileReference; explicitFileType = wrapper.cfbundle; includeInIndex = 0; path = GlossalaliaTests.xctest; sourceTree = BUILT_PRODUCTS_DIR; };
		6736430318AD90E000EC785D /* XCTest.framework */ = {isa = PBXFileReference; lastKnownFileType = wrapper.framework; name = XCTest.framework; path = Library/Frameworks/XCTest.framework; sourceTree = DEVELOPER_DIR; };
		6736430B18AD90E000EC785D /* GlossalaliaTests-Info.plist */ = {isa = PBXFileReference; lastKnownFileType = text.plist.xml; path = "GlossalaliaTests-Info.plist"; sourceTree = "<group>"; };
		6736430D18AD90E000EC785D /* en */ = {isa = PBXFileReference; lastKnownFileType = text.plist.strings; name = en; path = en.lproj/InfoPlist.strings; sourceTree = "<group>"; };
		6736430F18AD90E000EC785D /* GlossalaliaTests.m */ = {isa = PBXFileReference; lastKnownFileType = sourcecode.c.objc; path = GlossalaliaTests.m; sourceTree = "<group>"; };
		6736431918ADE75C00EC785D /* GATestViewController.h */ = {isa = PBXFileReference; fileEncoding = 4; lastKnownFileType = sourcecode.c.h; path = GATestViewController.h; sourceTree = "<group>"; };
		6736431A18ADE75C00EC785D /* GATestViewController.m */ = {isa = PBXFileReference; fileEncoding = 4; lastKnownFileType = sourcecode.c.objc; path = GATestViewController.m; sourceTree = "<group>"; };
		6736431C18ADFC7700EC785D /* GameKit.framework */ = {isa = PBXFileReference; lastKnownFileType = wrapper.framework; name = GameKit.framework; path = System/Library/Frameworks/GameKit.framework; sourceTree = SDKROOT; };
		67398F7418C5E370001BE584 /* FlatUIKit.h */ = {isa = PBXFileReference; fileEncoding = 4; lastKnownFileType = sourcecode.c.h; path = FlatUIKit.h; sourceTree = "<group>"; };
		67398F7518C5E370001BE584 /* FUIAlertView.h */ = {isa = PBXFileReference; fileEncoding = 4; lastKnownFileType = sourcecode.c.h; path = FUIAlertView.h; sourceTree = "<group>"; };
		67398F7618C5E370001BE584 /* FUIAlertView.m */ = {isa = PBXFileReference; fileEncoding = 4; lastKnownFileType = sourcecode.c.objc; path = FUIAlertView.m; sourceTree = "<group>"; };
		67398F7718C5E370001BE584 /* FUIButton.h */ = {isa = PBXFileReference; fileEncoding = 4; lastKnownFileType = sourcecode.c.h; path = FUIButton.h; sourceTree = "<group>"; };
		67398F7818C5E370001BE584 /* FUIButton.m */ = {isa = PBXFileReference; fileEncoding = 4; lastKnownFileType = sourcecode.c.objc; path = FUIButton.m; sourceTree = "<group>"; };
		67398F7918C5E370001BE584 /* FUICellBackgroundView.h */ = {isa = PBXFileReference; fileEncoding = 4; lastKnownFileType = sourcecode.c.h; path = FUICellBackgroundView.h; sourceTree = "<group>"; };
		67398F7A18C5E370001BE584 /* FUICellBackgroundView.m */ = {isa = PBXFileReference; fileEncoding = 4; lastKnownFileType = sourcecode.c.objc; path = FUICellBackgroundView.m; sourceTree = "<group>"; };
		67398F7B18C5E370001BE584 /* FUIPopoverBackgroundView.h */ = {isa = PBXFileReference; fileEncoding = 4; lastKnownFileType = sourcecode.c.h; path = FUIPopoverBackgroundView.h; sourceTree = "<group>"; };
		67398F7C18C5E370001BE584 /* FUIPopoverBackgroundView.m */ = {isa = PBXFileReference; fileEncoding = 4; lastKnownFileType = sourcecode.c.objc; path = FUIPopoverBackgroundView.m; sourceTree = "<group>"; };
		67398F7D18C5E370001BE584 /* FUISegmentedControl.h */ = {isa = PBXFileReference; fileEncoding = 4; lastKnownFileType = sourcecode.c.h; path = FUISegmentedControl.h; sourceTree = "<group>"; };
		67398F7E18C5E370001BE584 /* FUISegmentedControl.m */ = {isa = PBXFileReference; fileEncoding = 4; lastKnownFileType = sourcecode.c.objc; path = FUISegmentedControl.m; sourceTree = "<group>"; };
		67398F7F18C5E370001BE584 /* FUISwitch.h */ = {isa = PBXFileReference; fileEncoding = 4; lastKnownFileType = sourcecode.c.h; path = FUISwitch.h; sourceTree = "<group>"; };
		67398F8018C5E370001BE584 /* FUISwitch.m */ = {isa = PBXFileReference; fileEncoding = 4; lastKnownFileType = sourcecode.c.objc; path = FUISwitch.m; sourceTree = "<group>"; };
		67398F8118C5E370001BE584 /* FUITextField.h */ = {isa = PBXFileReference; fileEncoding = 4; lastKnownFileType = sourcecode.c.h; path = FUITextField.h; sourceTree = "<group>"; };
		67398F8218C5E370001BE584 /* FUITextField.m */ = {isa = PBXFileReference; fileEncoding = 4; lastKnownFileType = sourcecode.c.objc; path = FUITextField.m; sourceTree = "<group>"; };
		67398F8318C5E370001BE584 /* UIBarButtonItem+FlatUI.h */ = {isa = PBXFileReference; fileEncoding = 4; lastKnownFileType = sourcecode.c.h; path = "UIBarButtonItem+FlatUI.h"; sourceTree = "<group>"; };
		67398F8418C5E370001BE584 /* UIBarButtonItem+FlatUI.m */ = {isa = PBXFileReference; fileEncoding = 4; lastKnownFileType = sourcecode.c.objc; path = "UIBarButtonItem+FlatUI.m"; sourceTree = "<group>"; };
		67398F8518C5E370001BE584 /* UIColor+FlatUI.h */ = {isa = PBXFileReference; fileEncoding = 4; lastKnownFileType = sourcecode.c.h; path = "UIColor+FlatUI.h"; sourceTree = "<group>"; };
		67398F8618C5E370001BE584 /* UIColor+FlatUI.m */ = {isa = PBXFileReference; fileEncoding = 4; lastKnownFileType = sourcecode.c.objc; path = "UIColor+FlatUI.m"; sourceTree = "<group>"; };
		67398F8718C5E370001BE584 /* UIFont+FlatUI.h */ = {isa = PBXFileReference; fileEncoding = 4; lastKnownFileType = sourcecode.c.h; path = "UIFont+FlatUI.h"; sourceTree = "<group>"; };
		67398F8818C5E370001BE584 /* UIFont+FlatUI.m */ = {isa = PBXFileReference; fileEncoding = 4; lastKnownFileType = sourcecode.c.objc; path = "UIFont+FlatUI.m"; sourceTree = "<group>"; };
		67398F8918C5E370001BE584 /* UIImage+FlatUI.h */ = {isa = PBXFileReference; fileEncoding = 4; lastKnownFileType = sourcecode.c.h; path = "UIImage+FlatUI.h"; sourceTree = "<group>"; };
		67398F8A18C5E370001BE584 /* UIImage+FlatUI.m */ = {isa = PBXFileReference; fileEncoding = 4; lastKnownFileType = sourcecode.c.objc; path = "UIImage+FlatUI.m"; sourceTree = "<group>"; };
		67398F8B18C5E370001BE584 /* UINavigationBar+FlatUI.h */ = {isa = PBXFileReference; fileEncoding = 4; lastKnownFileType = sourcecode.c.h; path = "UINavigationBar+FlatUI.h"; sourceTree = "<group>"; };
		67398F8C18C5E370001BE584 /* UINavigationBar+FlatUI.m */ = {isa = PBXFileReference; fileEncoding = 4; lastKnownFileType = sourcecode.c.objc; path = "UINavigationBar+FlatUI.m"; sourceTree = "<group>"; };
		67398F8D18C5E370001BE584 /* UIPopoverController+FlatUI.h */ = {isa = PBXFileReference; fileEncoding = 4; lastKnownFileType = sourcecode.c.h; path = "UIPopoverController+FlatUI.h"; sourceTree = "<group>"; };
		67398F8E18C5E370001BE584 /* UIPopoverController+FlatUI.m */ = {isa = PBXFileReference; fileEncoding = 4; lastKnownFileType = sourcecode.c.objc; path = "UIPopoverController+FlatUI.m"; sourceTree = "<group>"; };
		67398F8F18C5E370001BE584 /* UIProgressView+FlatUI.h */ = {isa = PBXFileReference; fileEncoding = 4; lastKnownFileType = sourcecode.c.h; path = "UIProgressView+FlatUI.h"; sourceTree = "<group>"; };
		67398F9018C5E370001BE584 /* UIProgressView+FlatUI.m */ = {isa = PBXFileReference; fileEncoding = 4; lastKnownFileType = sourcecode.c.objc; path = "UIProgressView+FlatUI.m"; sourceTree = "<group>"; };
		67398F9118C5E370001BE584 /* UISlider+FlatUI.h */ = {isa = PBXFileReference; fileEncoding = 4; lastKnownFileType = sourcecode.c.h; path = "UISlider+FlatUI.h"; sourceTree = "<group>"; };
		67398F9218C5E370001BE584 /* UISlider+FlatUI.m */ = {isa = PBXFileReference; fileEncoding = 4; lastKnownFileType = sourcecode.c.objc; path = "UISlider+FlatUI.m"; sourceTree = "<group>"; };
		67398F9318C5E370001BE584 /* UIStepper+FlatUI.h */ = {isa = PBXFileReference; fileEncoding = 4; lastKnownFileType = sourcecode.c.h; path = "UIStepper+FlatUI.h"; sourceTree = "<group>"; };
		67398F9418C5E370001BE584 /* UIStepper+FlatUI.m */ = {isa = PBXFileReference; fileEncoding = 4; lastKnownFileType = sourcecode.c.objc; path = "UIStepper+FlatUI.m"; sourceTree = "<group>"; };
		67398F9518C5E370001BE584 /* UITabBar+FlatUI.h */ = {isa = PBXFileReference; fileEncoding = 4; lastKnownFileType = sourcecode.c.h; path = "UITabBar+FlatUI.h"; sourceTree = "<group>"; };
		67398F9618C5E370001BE584 /* UITabBar+FlatUI.m */ = {isa = PBXFileReference; fileEncoding = 4; lastKnownFileType = sourcecode.c.objc; path = "UITabBar+FlatUI.m"; sourceTree = "<group>"; };
		67398F9718C5E370001BE584 /* UITableViewCell+FlatUI.h */ = {isa = PBXFileReference; fileEncoding = 4; lastKnownFileType = sourcecode.c.h; path = "UITableViewCell+FlatUI.h"; sourceTree = "<group>"; };
		67398F9818C5E370001BE584 /* UITableViewCell+FlatUI.m */ = {isa = PBXFileReference; fileEncoding = 4; lastKnownFileType = sourcecode.c.objc; path = "UITableViewCell+FlatUI.m"; sourceTree = "<group>"; };
		67398F9918C5E370001BE584 /* UIToolbar+FlatUI.h */ = {isa = PBXFileReference; fileEncoding = 4; lastKnownFileType = sourcecode.c.h; path = "UIToolbar+FlatUI.h"; sourceTree = "<group>"; };
		67398F9A18C5E370001BE584 /* UIToolbar+FlatUI.m */ = {isa = PBXFileReference; fileEncoding = 4; lastKnownFileType = sourcecode.c.objc; path = "UIToolbar+FlatUI.m"; sourceTree = "<group>"; };
		67398FAE18C5E4AE001BE584 /* CoreText.framework */ = {isa = PBXFileReference; lastKnownFileType = wrapper.framework; name = CoreText.framework; path = System/Library/Frameworks/CoreText.framework; sourceTree = SDKROOT; };
		673B9C2118F3607E00FE6126 /* GADemoViewController.h */ = {isa = PBXFileReference; fileEncoding = 4; lastKnownFileType = sourcecode.c.h; path = GADemoViewController.h; sourceTree = "<group>"; };
		673B9C2218F3607E00FE6126 /* GADemoViewController.m */ = {isa = PBXFileReference; fileEncoding = 4; lastKnownFileType = sourcecode.c.objc; path = GADemoViewController.m; sourceTree = "<group>"; };
		674F3E3E18CFEAFF0064BB21 /* GATriangleView.h */ = {isa = PBXFileReference; fileEncoding = 4; lastKnownFileType = sourcecode.c.h; path = GATriangleView.h; sourceTree = "<group>"; };
		674F3E3F18CFEAFF0064BB21 /* GATriangleView.m */ = {isa = PBXFileReference; fileEncoding = 4; lastKnownFileType = sourcecode.c.objc; path = GATriangleView.m; sourceTree = "<group>"; };
		67501DC818BB36EB000992E6 /* GAMatchViewController.h */ = {isa = PBXFileReference; fileEncoding = 4; lastKnownFileType = sourcecode.c.h; path = GAMatchViewController.h; sourceTree = "<group>"; };
		67501DC918BB36EB000992E6 /* GAMatchViewController.m */ = {isa = PBXFileReference; fileEncoding = 4; lastKnownFileType = sourcecode.c.objc; path = GAMatchViewController.m; sourceTree = "<group>"; };
		67BCB5D218B30DB800D5EF9F /* GALevelViewController.h */ = {isa = PBXFileReference; fileEncoding = 4; lastKnownFileType = sourcecode.c.h; path = GALevelViewController.h; sourceTree = "<group>"; };
		67BCB5D318B30DB800D5EF9F /* GALevelViewController.m */ = {isa = PBXFileReference; fileEncoding = 4; lastKnownFileType = sourcecode.c.objc; path = GALevelViewController.m; sourceTree = "<group>"; };
		67CFC54618C3F1E600D373D2 /* ROUDataTypes.h */ = {isa = PBXFileReference; fileEncoding = 4; lastKnownFileType = sourcecode.c.h; path = ROUDataTypes.h; sourceTree = "<group>"; };
		67CFC54718C3F1E600D373D2 /* ROUDataTypes.m */ = {isa = PBXFileReference; fileEncoding = 4; lastKnownFileType = sourcecode.c.objc; path = ROUDataTypes.m; sourceTree = "<group>"; };
		67CFC54818C3F1E600D373D2 /* ROUPrivate.h */ = {isa = PBXFileReference; fileEncoding = 4; lastKnownFileType = sourcecode.c.h; path = ROUPrivate.h; sourceTree = "<group>"; };
		67CFC54918C3F1E600D373D2 /* ROUSerialQueueTimer.h */ = {isa = PBXFileReference; fileEncoding = 4; lastKnownFileType = sourcecode.c.h; path = ROUSerialQueueTimer.h; sourceTree = "<group>"; };
		67CFC54A18C3F1E600D373D2 /* ROUSerialQueueTimer.m */ = {isa = PBXFileReference; fileEncoding = 4; lastKnownFileType = sourcecode.c.objc; path = ROUSerialQueueTimer.m; sourceTree = "<group>"; };
		67CFC54B18C3F1E600D373D2 /* ROUSession_Private.h */ = {isa = PBXFileReference; fileEncoding = 4; lastKnownFileType = sourcecode.c.h; path = ROUSession_Private.h; sourceTree = "<group>"; };
		67CFC54C18C3F1E600D373D2 /* ROUSession.h */ = {isa = PBXFileReference; fileEncoding = 4; lastKnownFileType = sourcecode.c.h; name = ROUSession.h; path = ../ROUSession.h; sourceTree = "<group>"; };
		67CFC54D18C3F1E600D373D2 /* ROUSession.m */ = {isa = PBXFileReference; fileEncoding = 4; lastKnownFileType = sourcecode.c.objc; name = ROUSession.m; path = ../ROUSession.m; sourceTree = "<group>"; };
		7318B5D618ADB48500FC9245 /* Database.h */ = {isa = PBXFileReference; fileEncoding = 4; lastKnownFileType = sourcecode.c.h; path = Database.h; sourceTree = "<group>"; };
		7318B5D718ADB48E00FC9245 /* Database.m */ = {isa = PBXFileReference; fileEncoding = 4; lastKnownFileType = sourcecode.c.objc; path = Database.m; sourceTree = "<group>"; };
		7318B5D918ADB53A00FC9245 /* DatabaseCaller.h */ = {isa = PBXFileReference; fileEncoding = 4; lastKnownFileType = sourcecode.c.h; path = DatabaseCaller.h; sourceTree = "<group>"; };
		7318B5DA18ADB53A00FC9245 /* DatabaseCaller.m */ = {isa = PBXFileReference; fileEncoding = 4; lastKnownFileType = sourcecode.c.objc; path = DatabaseCaller.m; sourceTree = "<group>"; };
		7318B5E318ADC79D00FC9245 /* entries.sql */ = {isa = PBXFileReference; fileEncoding = 4; lastKnownFileType = text; path = entries.sql; sourceTree = "<group>"; };
		7318B5E518ADC8F500FC9245 /* GADataEntry.h */ = {isa = PBXFileReference; fileEncoding = 4; lastKnownFileType = sourcecode.c.h; path = GADataEntry.h; sourceTree = "<group>"; };
		7318B5E618ADC8F500FC9245 /* GADataEntry.m */ = {isa = PBXFileReference; fileEncoding = 4; lastKnownFileType = sourcecode.c.objc; path = GADataEntry.m; sourceTree = "<group>"; };
		7318B5E818ADCA9900FC9245 /* libsqlite3.dylib */ = {isa = PBXFileReference; lastKnownFileType = "compiled.mach-o.dylib"; name = libsqlite3.dylib; path = usr/lib/libsqlite3.dylib; sourceTree = SDKROOT; };
		73251C8718B16A7F000ABEAD /* GADataHandler.h */ = {isa = PBXFileReference; fileEncoding = 4; lastKnownFileType = sourcecode.c.h; path = GADataHandler.h; sourceTree = "<group>"; };
		73251C8818B16A7F000ABEAD /* GADataHandler.m */ = {isa = PBXFileReference; fileEncoding = 4; lastKnownFileType = sourcecode.c.objc; path = GADataHandler.m; sourceTree = "<group>"; };
		734DF0A818B6AEE7000845E0 /* GAElement.h */ = {isa = PBXFileReference; fileEncoding = 4; lastKnownFileType = sourcecode.c.h; path = GAElement.h; sourceTree = "<group>"; };
		734DF0A918B6AEE7000845E0 /* GAElement.m */ = {isa = PBXFileReference; fileEncoding = 4; lastKnownFileType = sourcecode.c.objc; path = GAElement.m; sourceTree = "<group>"; };
		734DF0AB18B6B0AB000845E0 /* GAElementViewController.h */ = {isa = PBXFileReference; fileEncoding = 4; lastKnownFileType = sourcecode.c.h; path = GAElementViewController.h; sourceTree = "<group>"; };
		734DF0AC18B6B0AB000845E0 /* GAElementViewController.m */ = {isa = PBXFileReference; fileEncoding = 4; lastKnownFileType = sourcecode.c.objc; path = GAElementViewController.m; sourceTree = "<group>"; };
		734DF0B418BB208F000845E0 /* GASlider.h */ = {isa = PBXFileReference; fileEncoding = 4; lastKnownFileType = sourcecode.c.h; path = GASlider.h; sourceTree = "<group>"; };
		734DF0B518BB208F000845E0 /* GASlider.m */ = {isa = PBXFileReference; fileEncoding = 4; lastKnownFileType = sourcecode.c.objc; path = GASlider.m; sourceTree = "<group>"; };
		734DF0BA18BC7F6A000845E0 /* GADatabaseLoadingView.h */ = {isa = PBXFileReference; fileEncoding = 4; lastKnownFileType = sourcecode.c.h; path = GADatabaseLoadingView.h; sourceTree = "<group>"; };
		734DF0BB18BC7F6A000845E0 /* GADatabaseLoadingView.m */ = {isa = PBXFileReference; fileEncoding = 4; lastKnownFileType = sourcecode.c.objc; path = GADatabaseLoadingView.m; sourceTree = "<group>"; };
		73C002B318B037880066715E /* GADataViewController.h */ = {isa = PBXFileReference; fileEncoding = 4; lastKnownFileType = sourcecode.c.h; path = GADataViewController.h; sourceTree = "<group>"; };
		73C002B418B037880066715E /* GADataViewController.m */ = {isa = PBXFileReference; fileEncoding = 4; lastKnownFileType = sourcecode.c.objc; path = GADataViewController.m; sourceTree = "<group>"; };
/* End PBXFileReference section */

/* Begin PBXFrameworksBuildPhase section */
		673642E418AD90E000EC785D /* Frameworks */ = {
			isa = PBXFrameworksBuildPhase;
			buildActionMask = 2147483647;
			files = (
				67398FAF18C5E4AE001BE584 /* CoreText.framework in Frameworks */,
				7318B5E918ADCA9900FC9245 /* libsqlite3.dylib in Frameworks */,
				673642ED18AD90E000EC785D /* CoreGraphics.framework in Frameworks */,
				673642EF18AD90E000EC785D /* UIKit.framework in Frameworks */,
				673642EB18AD90E000EC785D /* Foundation.framework in Frameworks */,
				6736431D18ADFC7700EC785D /* GameKit.framework in Frameworks */,
			);
			runOnlyForDeploymentPostprocessing = 0;
		};
		673642FF18AD90E000EC785D /* Frameworks */ = {
			isa = PBXFrameworksBuildPhase;
			buildActionMask = 2147483647;
			files = (
				6736430418AD90E000EC785D /* XCTest.framework in Frameworks */,
				6736430618AD90E000EC785D /* UIKit.framework in Frameworks */,
				6736430518AD90E000EC785D /* Foundation.framework in Frameworks */,
			);
			runOnlyForDeploymentPostprocessing = 0;
		};
/* End PBXFrameworksBuildPhase section */

/* Begin PBXGroup section */
		673642DE18AD90DF00EC785D = {
			isa = PBXGroup;
			children = (
				673642F018AD90E000EC785D /* Glossalalia */,
				6736430918AD90E000EC785D /* GlossalaliaTests */,
				673642E918AD90E000EC785D /* Frameworks */,
				673642E818AD90E000EC785D /* Products */,
			);
			sourceTree = "<group>";
		};
		673642E818AD90E000EC785D /* Products */ = {
			isa = PBXGroup;
			children = (
				673642E718AD90E000EC785D /* Glossalalia.app */,
				6736430218AD90E000EC785D /* GlossalaliaTests.xctest */,
			);
			name = Products;
			sourceTree = "<group>";
		};
		673642E918AD90E000EC785D /* Frameworks */ = {
			isa = PBXGroup;
			children = (
				67398FAE18C5E4AE001BE584 /* CoreText.framework */,
				7318B5E818ADCA9900FC9245 /* libsqlite3.dylib */,
				6736431C18ADFC7700EC785D /* GameKit.framework */,
				673642EA18AD90E000EC785D /* Foundation.framework */,
				673642EC18AD90E000EC785D /* CoreGraphics.framework */,
				673642EE18AD90E000EC785D /* UIKit.framework */,
				6736430318AD90E000EC785D /* XCTest.framework */,
			);
			name = Frameworks;
			sourceTree = "<group>";
		};
		673642F018AD90E000EC785D /* Glossalalia */ = {
			isa = PBXGroup;
			children = (
				67398F7318C5E370001BE584 /* FlatUI */,
				67CFC55118C3F1F600D373D2 /* RoUTP */,
				673642F918AD90E000EC785D /* GAAppDelegate.h */,
				673642FA18AD90E000EC785D /* GAAppDelegate.m */,
				6736431918ADE75C00EC785D /* GATestViewController.h */,
				6736431A18ADE75C00EC785D /* GATestViewController.m */,
				67501DC818BB36EB000992E6 /* GAMatchViewController.h */,
				67501DC918BB36EB000992E6 /* GAMatchViewController.m */,
				67BCB5D218B30DB800D5EF9F /* GALevelViewController.h */,
				67BCB5D318B30DB800D5EF9F /* GALevelViewController.m */,
				673B9C2118F3607E00FE6126 /* GADemoViewController.h */,
				673B9C2218F3607E00FE6126 /* GADemoViewController.m */,
				734DF0A118B6AD2D000845E0 /* GAElements */,
				7318B5DC18ADB59300FC9245 /* backend */,
				673642FC18AD90E000EC785D /* Images.xcassets */,
				673642F118AD90E000EC785D /* Supporting Files */,
			);
			path = Glossalalia;
			sourceTree = "<group>";
		};
		673642F118AD90E000EC785D /* Supporting Files */ = {
			isa = PBXGroup;
			children = (
				673642F218AD90E000EC785D /* Glossalalia-Info.plist */,
				673642F318AD90E000EC785D /* InfoPlist.strings */,
				673642F618AD90E000EC785D /* main.m */,
				673642F818AD90E000EC785D /* Glossalalia-Prefix.pch */,
			);
			name = "Supporting Files";
			sourceTree = "<group>";
		};
		6736430918AD90E000EC785D /* GlossalaliaTests */ = {
			isa = PBXGroup;
			children = (
				6736430F18AD90E000EC785D /* GlossalaliaTests.m */,
				6736430A18AD90E000EC785D /* Supporting Files */,
			);
			path = GlossalaliaTests;
			sourceTree = "<group>";
		};
		6736430A18AD90E000EC785D /* Supporting Files */ = {
			isa = PBXGroup;
			children = (
				6736430B18AD90E000EC785D /* GlossalaliaTests-Info.plist */,
				6736430C18AD90E000EC785D /* InfoPlist.strings */,
			);
			name = "Supporting Files";
			sourceTree = "<group>";
		};
		67398F7318C5E370001BE584 /* FlatUI */ = {
			isa = PBXGroup;
			children = (
				67398F7418C5E370001BE584 /* FlatUIKit.h */,
				67398F7518C5E370001BE584 /* FUIAlertView.h */,
				67398F7618C5E370001BE584 /* FUIAlertView.m */,
				67398F7718C5E370001BE584 /* FUIButton.h */,
				67398F7818C5E370001BE584 /* FUIButton.m */,
				67398F7918C5E370001BE584 /* FUICellBackgroundView.h */,
				67398F7A18C5E370001BE584 /* FUICellBackgroundView.m */,
				67398F7B18C5E370001BE584 /* FUIPopoverBackgroundView.h */,
				67398F7C18C5E370001BE584 /* FUIPopoverBackgroundView.m */,
				67398F7D18C5E370001BE584 /* FUISegmentedControl.h */,
				67398F7E18C5E370001BE584 /* FUISegmentedControl.m */,
				67398F7F18C5E370001BE584 /* FUISwitch.h */,
				67398F8018C5E370001BE584 /* FUISwitch.m */,
				67398F8118C5E370001BE584 /* FUITextField.h */,
				67398F8218C5E370001BE584 /* FUITextField.m */,
				67398F8318C5E370001BE584 /* UIBarButtonItem+FlatUI.h */,
				67398F8418C5E370001BE584 /* UIBarButtonItem+FlatUI.m */,
				67398F8518C5E370001BE584 /* UIColor+FlatUI.h */,
				67398F8618C5E370001BE584 /* UIColor+FlatUI.m */,
				67398F8718C5E370001BE584 /* UIFont+FlatUI.h */,
				67398F8818C5E370001BE584 /* UIFont+FlatUI.m */,
				67398F8918C5E370001BE584 /* UIImage+FlatUI.h */,
				67398F8A18C5E370001BE584 /* UIImage+FlatUI.m */,
				67398F8B18C5E370001BE584 /* UINavigationBar+FlatUI.h */,
				67398F8C18C5E370001BE584 /* UINavigationBar+FlatUI.m */,
				67398F8D18C5E370001BE584 /* UIPopoverController+FlatUI.h */,
				67398F8E18C5E370001BE584 /* UIPopoverController+FlatUI.m */,
				67398F8F18C5E370001BE584 /* UIProgressView+FlatUI.h */,
				67398F9018C5E370001BE584 /* UIProgressView+FlatUI.m */,
				67398F9118C5E370001BE584 /* UISlider+FlatUI.h */,
				67398F9218C5E370001BE584 /* UISlider+FlatUI.m */,
				67398F9318C5E370001BE584 /* UIStepper+FlatUI.h */,
				67398F9418C5E370001BE584 /* UIStepper+FlatUI.m */,
				67398F9518C5E370001BE584 /* UITabBar+FlatUI.h */,
				67398F9618C5E370001BE584 /* UITabBar+FlatUI.m */,
				67398F9718C5E370001BE584 /* UITableViewCell+FlatUI.h */,
				67398F9818C5E370001BE584 /* UITableViewCell+FlatUI.m */,
				67398F9918C5E370001BE584 /* UIToolbar+FlatUI.h */,
				67398F9A18C5E370001BE584 /* UIToolbar+FlatUI.m */,
			);
			name = FlatUI;
			path = ios;
			sourceTree = "<group>";
		};
		67CFC54518C3F1E500D373D2 /* Private */ = {
			isa = PBXGroup;
			children = (
				67CFC54618C3F1E600D373D2 /* ROUDataTypes.h */,
				67CFC54718C3F1E600D373D2 /* ROUDataTypes.m */,
				67CFC54818C3F1E600D373D2 /* ROUPrivate.h */,
				67CFC54918C3F1E600D373D2 /* ROUSerialQueueTimer.h */,
				67CFC54A18C3F1E600D373D2 /* ROUSerialQueueTimer.m */,
				67CFC54B18C3F1E600D373D2 /* ROUSession_Private.h */,
			);
			name = Private;
			path = ../Private;
			sourceTree = "<group>";
		};
		67CFC55118C3F1F600D373D2 /* RoUTP */ = {
			isa = PBXGroup;
			children = (
				67CFC54518C3F1E500D373D2 /* Private */,
				67CFC54C18C3F1E600D373D2 /* ROUSession.h */,
				67CFC54D18C3F1E600D373D2 /* ROUSession.m */,
			);
			name = RoUTP;
			sourceTree = "<group>";
		};
		7318B5DC18ADB59300FC9245 /* backend */ = {
			isa = PBXGroup;
			children = (
				73251C8A18B16AFD000ABEAD /* database */,
				73251C8B18B16B15000ABEAD /* data objects */,
				73C002B318B037880066715E /* GADataViewController.h */,
				73C002B418B037880066715E /* GADataViewController.m */,
				7318B5E318ADC79D00FC9245 /* entries.sql */,
			);
			name = backend;
			sourceTree = "<group>";
		};
		73251C8A18B16AFD000ABEAD /* database */ = {
			isa = PBXGroup;
			children = (
				7318B5D618ADB48500FC9245 /* Database.h */,
				7318B5D718ADB48E00FC9245 /* Database.m */,
				7318B5D918ADB53A00FC9245 /* DatabaseCaller.h */,
				7318B5DA18ADB53A00FC9245 /* DatabaseCaller.m */,
				734DF0BA18BC7F6A000845E0 /* GADatabaseLoadingView.h */,
				734DF0BB18BC7F6A000845E0 /* GADatabaseLoadingView.m */,
			);
			name = database;
			sourceTree = "<group>";
		};
		73251C8B18B16B15000ABEAD /* data objects */ = {
			isa = PBXGroup;
			children = (
				7318B5E518ADC8F500FC9245 /* GADataEntry.h */,
				7318B5E618ADC8F500FC9245 /* GADataEntry.m */,
				73251C8718B16A7F000ABEAD /* GADataHandler.h */,
				73251C8818B16A7F000ABEAD /* GADataHandler.m */,
			);
			name = "data objects";
			sourceTree = "<group>";
		};
		734DF0A118B6AD2D000845E0 /* GAElements */ = {
			isa = PBXGroup;
			children = (
				734DF0A818B6AEE7000845E0 /* GAElement.h */,
				734DF0A918B6AEE7000845E0 /* GAElement.m */,
				734DF0B418BB208F000845E0 /* GASlider.h */,
				734DF0B518BB208F000845E0 /* GASlider.m */,
				734DF0AB18B6B0AB000845E0 /* GAElementViewController.h */,
				734DF0AC18B6B0AB000845E0 /* GAElementViewController.m */,
				674F3E3E18CFEAFF0064BB21 /* GATriangleView.h */,
				674F3E3F18CFEAFF0064BB21 /* GATriangleView.m */,
			);
			name = GAElements;
			sourceTree = "<group>";
		};
/* End PBXGroup section */

/* Begin PBXNativeTarget section */
		673642E618AD90E000EC785D /* Glossalalia */ = {
			isa = PBXNativeTarget;
			buildConfigurationList = 6736431318AD90E000EC785D /* Build configuration list for PBXNativeTarget "Glossalalia" */;
			buildPhases = (
				673642E318AD90E000EC785D /* Sources */,
				673642E418AD90E000EC785D /* Frameworks */,
				673642E518AD90E000EC785D /* Resources */,
			);
			buildRules = (
			);
			dependencies = (
			);
			name = Glossalalia;
			productName = Glossalalia;
			productReference = 673642E718AD90E000EC785D /* Glossalalia.app */;
			productType = "com.apple.product-type.application";
		};
		6736430118AD90E000EC785D /* GlossalaliaTests */ = {
			isa = PBXNativeTarget;
			buildConfigurationList = 6736431618AD90E000EC785D /* Build configuration list for PBXNativeTarget "GlossalaliaTests" */;
			buildPhases = (
				673642FE18AD90E000EC785D /* Sources */,
				673642FF18AD90E000EC785D /* Frameworks */,
				6736430018AD90E000EC785D /* Resources */,
			);
			buildRules = (
			);
			dependencies = (
				6736430818AD90E000EC785D /* PBXTargetDependency */,
			);
			name = GlossalaliaTests;
			productName = GlossalaliaTests;
			productReference = 6736430218AD90E000EC785D /* GlossalaliaTests.xctest */;
			productType = "com.apple.product-type.bundle.unit-test";
		};
/* End PBXNativeTarget section */

/* Begin PBXProject section */
		673642DF18AD90DF00EC785D /* Project object */ = {
			isa = PBXProject;
			attributes = {
				CLASSPREFIX = GA;
				LastUpgradeCheck = 0500;
				ORGANIZATIONNAME = "Rupert Deese";
				TargetAttributes = {
					673642E618AD90E000EC785D = {
						DevelopmentTeam = 7GA2W4JMQ4;
						SystemCapabilities = {
							com.apple.GameCenter = {
								enabled = 1;
							};
						};
					};
					6736430118AD90E000EC785D = {
						TestTargetID = 673642E618AD90E000EC785D;
					};
				};
			};
			buildConfigurationList = 673642E218AD90DF00EC785D /* Build configuration list for PBXProject "Glossalalia" */;
			compatibilityVersion = "Xcode 3.2";
			developmentRegion = English;
			hasScannedForEncodings = 0;
			knownRegions = (
				en,
			);
			mainGroup = 673642DE18AD90DF00EC785D;
			productRefGroup = 673642E818AD90E000EC785D /* Products */;
			projectDirPath = "";
			projectRoot = "";
			targets = (
				673642E618AD90E000EC785D /* Glossalalia */,
				6736430118AD90E000EC785D /* GlossalaliaTests */,
			);
		};
/* End PBXProject section */

/* Begin PBXResourcesBuildPhase section */
		673642E518AD90E000EC785D /* Resources */ = {
			isa = PBXResourcesBuildPhase;
			buildActionMask = 2147483647;
			files = (
				7318B5E418ADC79D00FC9245 /* entries.sql in Resources */,
				673642F518AD90E000EC785D /* InfoPlist.strings in Resources */,
				673642FD18AD90E000EC785D /* Images.xcassets in Resources */,
			);
			runOnlyForDeploymentPostprocessing = 0;
		};
		6736430018AD90E000EC785D /* Resources */ = {
			isa = PBXResourcesBuildPhase;
			buildActionMask = 2147483647;
			files = (
				6736430E18AD90E000EC785D /* InfoPlist.strings in Resources */,
			);
			runOnlyForDeploymentPostprocessing = 0;
		};
/* End PBXResourcesBuildPhase section */

/* Begin PBXSourcesBuildPhase section */
		673642E318AD90E000EC785D /* Sources */ = {
			isa = PBXSourcesBuildPhase;
			buildActionMask = 2147483647;
			files = (
				73C002B518B037880066715E /* GADataViewController.m in Sources */,
				673642FB18AD90E000EC785D /* GAAppDelegate.m in Sources */,
				67398FA618C5E370001BE584 /* UINavigationBar+FlatUI.m in Sources */,
				73251C8918B16A7F000ABEAD /* GADataHandler.m in Sources */,
				67398FA718C5E370001BE584 /* UIPopoverController+FlatUI.m in Sources */,
				673B9C2318F3607E00FE6126 /* GADemoViewController.m in Sources */,
				734DF0AD18B6B0AB000845E0 /* GAElementViewController.m in Sources */,
				734DF0BC18BC7F6A000845E0 /* GADatabaseLoadingView.m in Sources */,
				67398FAC18C5E370001BE584 /* UITableViewCell+FlatUI.m in Sources */,
				67398F9F18C5E370001BE584 /* FUISegmentedControl.m in Sources */,
				67398FA118C5E370001BE584 /* FUITextField.m in Sources */,
				67398FA018C5E370001BE584 /* FUISwitch.m in Sources */,
				67398FA518C5E370001BE584 /* UIImage+FlatUI.m in Sources */,
				7318B5D818ADB48F00FC9245 /* Database.m in Sources */,
				7318B5DB18ADB53A00FC9245 /* DatabaseCaller.m in Sources */,
				67398FAD18C5E370001BE584 /* UIToolbar+FlatUI.m in Sources */,
				734DF0B618BB208F000845E0 /* GASlider.m in Sources */,
				67CFC55018C3F1E600D373D2 /* ROUSession.m in Sources */,
				7318B5E718ADC8F500FC9245 /* GADataEntry.m in Sources */,
				67CFC54E18C3F1E600D373D2 /* ROUDataTypes.m in Sources */,
				67398FA418C5E370001BE584 /* UIFont+FlatUI.m in Sources */,
				67398FA218C5E370001BE584 /* UIBarButtonItem+FlatUI.m in Sources */,
				67BCB5D418B30DB800D5EF9F /* GALevelViewController.m in Sources */,
				674F3E4018CFEAFF0064BB21 /* GATriangleView.m in Sources */,
				67398FA318C5E370001BE584 /* UIColor+FlatUI.m in Sources */,
				67398F9E18C5E370001BE584 /* FUIPopoverBackgroundView.m in Sources */,
				673642F718AD90E000EC785D /* main.m in Sources */,
				67CFC54F18C3F1E600D373D2 /* ROUSerialQueueTimer.m in Sources */,
				67398FA818C5E370001BE584 /* UIProgressView+FlatUI.m in Sources */,
				67398FAA18C5E370001BE584 /* UIStepper+FlatUI.m in Sources */,
				67398FAB18C5E370001BE584 /* UITabBar+FlatUI.m in Sources */,
				67398F9B18C5E370001BE584 /* FUIAlertView.m in Sources */,
				67501DCA18BB36EB000992E6 /* GAMatchViewController.m in Sources */,
				734DF0AA18B6AEE7000845E0 /* GAElement.m in Sources */,
				67398F9D18C5E370001BE584 /* FUICellBackgroundView.m in Sources */,
				67398FA918C5E370001BE584 /* UISlider+FlatUI.m in Sources */,
				67398F9C18C5E370001BE584 /* FUIButton.m in Sources */,
				6736431B18ADE75C00EC785D /* GATestViewController.m in Sources */,
			);
			runOnlyForDeploymentPostprocessing = 0;
		};
		673642FE18AD90E000EC785D /* Sources */ = {
			isa = PBXSourcesBuildPhase;
			buildActionMask = 2147483647;
			files = (
				6736431018AD90E000EC785D /* GlossalaliaTests.m in Sources */,
			);
			runOnlyForDeploymentPostprocessing = 0;
		};
/* End PBXSourcesBuildPhase section */

/* Begin PBXTargetDependency section */
		6736430818AD90E000EC785D /* PBXTargetDependency */ = {
			isa = PBXTargetDependency;
			target = 673642E618AD90E000EC785D /* Glossalalia */;
			targetProxy = 6736430718AD90E000EC785D /* PBXContainerItemProxy */;
		};
/* End PBXTargetDependency section */

/* Begin PBXVariantGroup section */
		673642F318AD90E000EC785D /* InfoPlist.strings */ = {
			isa = PBXVariantGroup;
			children = (
				673642F418AD90E000EC785D /* en */,
			);
			name = InfoPlist.strings;
			sourceTree = "<group>";
		};
		6736430C18AD90E000EC785D /* InfoPlist.strings */ = {
			isa = PBXVariantGroup;
			children = (
				6736430D18AD90E000EC785D /* en */,
			);
			name = InfoPlist.strings;
			sourceTree = "<group>";
		};
/* End PBXVariantGroup section */

/* Begin XCBuildConfiguration section */
		6736431118AD90E000EC785D /* Debug */ = {
			isa = XCBuildConfiguration;
			buildSettings = {
				ALWAYS_SEARCH_USER_PATHS = NO;
				ARCHS = "$(ARCHS_STANDARD_INCLUDING_64_BIT)";
				CLANG_CXX_LANGUAGE_STANDARD = "gnu++0x";
				CLANG_CXX_LIBRARY = "libc++";
				CLANG_ENABLE_MODULES = YES;
				CLANG_ENABLE_OBJC_ARC = YES;
				CLANG_WARN_BOOL_CONVERSION = YES;
				CLANG_WARN_CONSTANT_CONVERSION = YES;
				CLANG_WARN_DIRECT_OBJC_ISA_USAGE = YES_ERROR;
				CLANG_WARN_EMPTY_BODY = YES;
				CLANG_WARN_ENUM_CONVERSION = YES;
				CLANG_WARN_INT_CONVERSION = YES;
				CLANG_WARN_OBJC_ROOT_CLASS = YES_ERROR;
				CLANG_WARN__DUPLICATE_METHOD_MATCH = YES;
				"CODE_SIGN_IDENTITY[sdk=iphoneos*]" = "iPhone Developer";
				COPY_PHASE_STRIP = NO;
				GCC_C_LANGUAGE_STANDARD = gnu99;
				GCC_DYNAMIC_NO_PIC = NO;
				GCC_OPTIMIZATION_LEVEL = 0;
				GCC_PREPROCESSOR_DEFINITIONS = (
					"DEBUG=1",
					"$(inherited)",
				);
				GCC_SYMBOLS_PRIVATE_EXTERN = NO;
				GCC_WARN_64_TO_32_BIT_CONVERSION = YES;
				GCC_WARN_ABOUT_RETURN_TYPE = YES_ERROR;
				GCC_WARN_UNDECLARED_SELECTOR = YES;
				GCC_WARN_UNINITIALIZED_AUTOS = YES;
				GCC_WARN_UNUSED_FUNCTION = YES;
				GCC_WARN_UNUSED_VARIABLE = YES;
				IPHONEOS_DEPLOYMENT_TARGET = 6.0;
				ONLY_ACTIVE_ARCH = YES;
				PROVISIONING_PROFILE = "8A7E90BD-AA4D-401C-9D20-5AB7B07ECFA1";
				SDKROOT = iphoneos;
			};
			name = Debug;
		};
		6736431218AD90E000EC785D /* Release */ = {
			isa = XCBuildConfiguration;
			buildSettings = {
				ALWAYS_SEARCH_USER_PATHS = NO;
				ARCHS = "$(ARCHS_STANDARD_INCLUDING_64_BIT)";
				CLANG_CXX_LANGUAGE_STANDARD = "gnu++0x";
				CLANG_CXX_LIBRARY = "libc++";
				CLANG_ENABLE_MODULES = YES;
				CLANG_ENABLE_OBJC_ARC = YES;
				CLANG_WARN_BOOL_CONVERSION = YES;
				CLANG_WARN_CONSTANT_CONVERSION = YES;
				CLANG_WARN_DIRECT_OBJC_ISA_USAGE = YES_ERROR;
				CLANG_WARN_EMPTY_BODY = YES;
				CLANG_WARN_ENUM_CONVERSION = YES;
				CLANG_WARN_INT_CONVERSION = YES;
				CLANG_WARN_OBJC_ROOT_CLASS = YES_ERROR;
				CLANG_WARN__DUPLICATE_METHOD_MATCH = YES;
				"CODE_SIGN_IDENTITY[sdk=iphoneos*]" = "iPhone Developer";
				COPY_PHASE_STRIP = YES;
				ENABLE_NS_ASSERTIONS = NO;
				GCC_C_LANGUAGE_STANDARD = gnu99;
				GCC_WARN_64_TO_32_BIT_CONVERSION = YES;
				GCC_WARN_ABOUT_RETURN_TYPE = YES_ERROR;
				GCC_WARN_UNDECLARED_SELECTOR = YES;
				GCC_WARN_UNINITIALIZED_AUTOS = YES;
				GCC_WARN_UNUSED_FUNCTION = YES;
				GCC_WARN_UNUSED_VARIABLE = YES;
				IPHONEOS_DEPLOYMENT_TARGET = 6.0;
				PROVISIONING_PROFILE = "8A7E90BD-AA4D-401C-9D20-5AB7B07ECFA1";
				SDKROOT = iphoneos;
				VALIDATE_PRODUCT = YES;
			};
			name = Release;
		};
		6736431418AD90E000EC785D /* Debug */ = {
			isa = XCBuildConfiguration;
			buildSettings = {
				ASSETCATALOG_COMPILER_APPICON_NAME = AppIcon;
				ASSETCATALOG_COMPILER_LAUNCHIMAGE_NAME = LaunchImage;
				CODE_SIGN_IDENTITY = "iPhone Developer";
				"CODE_SIGN_IDENTITY[sdk=iphoneos*]" = "iPhone Developer";
				FRAMEWORK_SEARCH_PATHS = (
					"$(inherited)",
					"/Users/hartdeese/Documents/Harvey\\ Mudd/Junior/cs181/PBNumbers",
				);
				GCC_PRECOMPILE_PREFIX_HEADER = YES;
				GCC_PREFIX_HEADER = "Glossalalia/Glossalalia-Prefix.pch";
				INFOPLIST_FILE = "Glossalalia/Glossalalia-Info.plist";
				PRODUCT_NAME = "$(TARGET_NAME)";
<<<<<<< HEAD
				PROVISIONING_PROFILE = "56BB72B8-FF60-40FF-B13D-F1974E034674";
=======
				PROVISIONING_PROFILE = "8A7E90BD-AA4D-401C-9D20-5AB7B07ECFA1";
>>>>>>> e7c2a77bcb011d5770b9c8e0e9211de408f08073
				WRAPPER_EXTENSION = app;
			};
			name = Debug;
		};
		6736431518AD90E000EC785D /* Release */ = {
			isa = XCBuildConfiguration;
			buildSettings = {
				ASSETCATALOG_COMPILER_APPICON_NAME = AppIcon;
				ASSETCATALOG_COMPILER_LAUNCHIMAGE_NAME = LaunchImage;
				CODE_SIGN_IDENTITY = "iPhone Developer";
				"CODE_SIGN_IDENTITY[sdk=iphoneos*]" = "iPhone Developer";
				FRAMEWORK_SEARCH_PATHS = (
					"$(inherited)",
					"/Users/hartdeese/Documents/Harvey\\ Mudd/Junior/cs181/PBNumbers",
				);
				GCC_PRECOMPILE_PREFIX_HEADER = YES;
				GCC_PREFIX_HEADER = "Glossalalia/Glossalalia-Prefix.pch";
				INFOPLIST_FILE = "Glossalalia/Glossalalia-Info.plist";
				PRODUCT_NAME = "$(TARGET_NAME)";
<<<<<<< HEAD
				PROVISIONING_PROFILE = "56BB72B8-FF60-40FF-B13D-F1974E034674";
=======
				PROVISIONING_PROFILE = "8A7E90BD-AA4D-401C-9D20-5AB7B07ECFA1";
>>>>>>> e7c2a77bcb011d5770b9c8e0e9211de408f08073
				WRAPPER_EXTENSION = app;
			};
			name = Release;
		};
		6736431718AD90E000EC785D /* Debug */ = {
			isa = XCBuildConfiguration;
			buildSettings = {
				ARCHS = "$(ARCHS_STANDARD_INCLUDING_64_BIT)";
				BUNDLE_LOADER = "$(BUILT_PRODUCTS_DIR)/Glossalalia.app/Glossalalia";
				FRAMEWORK_SEARCH_PATHS = (
					"$(SDKROOT)/Developer/Library/Frameworks",
					"$(inherited)",
					"$(DEVELOPER_FRAMEWORKS_DIR)",
				);
				GCC_PRECOMPILE_PREFIX_HEADER = YES;
				GCC_PREFIX_HEADER = "Glossalalia/Glossalalia-Prefix.pch";
				GCC_PREPROCESSOR_DEFINITIONS = (
					"DEBUG=1",
					"$(inherited)",
				);
				INFOPLIST_FILE = "GlossalaliaTests/GlossalaliaTests-Info.plist";
				PRODUCT_NAME = "$(TARGET_NAME)";
				TEST_HOST = "$(BUNDLE_LOADER)";
				WRAPPER_EXTENSION = xctest;
			};
			name = Debug;
		};
		6736431818AD90E000EC785D /* Release */ = {
			isa = XCBuildConfiguration;
			buildSettings = {
				ARCHS = "$(ARCHS_STANDARD_INCLUDING_64_BIT)";
				BUNDLE_LOADER = "$(BUILT_PRODUCTS_DIR)/Glossalalia.app/Glossalalia";
				FRAMEWORK_SEARCH_PATHS = (
					"$(SDKROOT)/Developer/Library/Frameworks",
					"$(inherited)",
					"$(DEVELOPER_FRAMEWORKS_DIR)",
				);
				GCC_PRECOMPILE_PREFIX_HEADER = YES;
				GCC_PREFIX_HEADER = "Glossalalia/Glossalalia-Prefix.pch";
				INFOPLIST_FILE = "GlossalaliaTests/GlossalaliaTests-Info.plist";
				PRODUCT_NAME = "$(TARGET_NAME)";
				TEST_HOST = "$(BUNDLE_LOADER)";
				WRAPPER_EXTENSION = xctest;
			};
			name = Release;
		};
/* End XCBuildConfiguration section */

/* Begin XCConfigurationList section */
		673642E218AD90DF00EC785D /* Build configuration list for PBXProject "Glossalalia" */ = {
			isa = XCConfigurationList;
			buildConfigurations = (
				6736431118AD90E000EC785D /* Debug */,
				6736431218AD90E000EC785D /* Release */,
			);
			defaultConfigurationIsVisible = 0;
			defaultConfigurationName = Release;
		};
		6736431318AD90E000EC785D /* Build configuration list for PBXNativeTarget "Glossalalia" */ = {
			isa = XCConfigurationList;
			buildConfigurations = (
				6736431418AD90E000EC785D /* Debug */,
				6736431518AD90E000EC785D /* Release */,
			);
			defaultConfigurationIsVisible = 0;
			defaultConfigurationName = Release;
		};
		6736431618AD90E000EC785D /* Build configuration list for PBXNativeTarget "GlossalaliaTests" */ = {
			isa = XCConfigurationList;
			buildConfigurations = (
				6736431718AD90E000EC785D /* Debug */,
				6736431818AD90E000EC785D /* Release */,
			);
			defaultConfigurationIsVisible = 0;
			defaultConfigurationName = Release;
		};
/* End XCConfigurationList section */
	};
	rootObject = 673642DF18AD90DF00EC785D /* Project object */;
}
